// !$*UTF8*$!
{
	archiveVersion = 1;
	classes = {
	};
	objectVersion = 50;
	objects = {

/* Begin PBXBuildFile section */
		514ED82A2263A0E000C0ADFF /* AppDelegate.swift in Sources */ = {isa = PBXBuildFile; fileRef = 514ED8292263A0E000C0ADFF /* AppDelegate.swift */; };
		514ED82C2263A0E000C0ADFF /* ViewController.swift in Sources */ = {isa = PBXBuildFile; fileRef = 514ED82B2263A0E000C0ADFF /* ViewController.swift */; };
		514ED82E2263A0E100C0ADFF /* Assets.xcassets in Resources */ = {isa = PBXBuildFile; fileRef = 514ED82D2263A0E100C0ADFF /* Assets.xcassets */; };
		514ED8312263A0E100C0ADFF /* Main.storyboard in Resources */ = {isa = PBXBuildFile; fileRef = 514ED82F2263A0E100C0ADFF /* Main.storyboard */; };
		51929B902263ABDC0030D4D3 /* zalgo.json in Resources */ = {isa = PBXBuildFile; fileRef = 51929B8F2263ABDC0030D4D3 /* zalgo.json */; };
		51929B922263AC090030D4D3 /* ZalgoCharacters.swift in Sources */ = {isa = PBXBuildFile; fileRef = 51929B912263AC090030D4D3 /* ZalgoCharacters.swift */; };
		51929B942263ADC50030D4D3 /* ROT13.swift in Sources */ = {isa = PBXBuildFile; fileRef = 51929B932263ADC50030D4D3 /* ROT13.swift */; };
/* End PBXBuildFile section */

/* Begin PBXFileReference section */
		514ED8262263A0E000C0ADFF /* TextTransformer.app */ = {isa = PBXFileReference; explicitFileType = wrapper.application; includeInIndex = 0; path = TextTransformer.app; sourceTree = BUILT_PRODUCTS_DIR; };
		514ED8292263A0E000C0ADFF /* AppDelegate.swift */ = {isa = PBXFileReference; lastKnownFileType = sourcecode.swift; path = AppDelegate.swift; sourceTree = "<group>"; };
		514ED82B2263A0E000C0ADFF /* ViewController.swift */ = {isa = PBXFileReference; lastKnownFileType = sourcecode.swift; path = ViewController.swift; sourceTree = "<group>"; };
		514ED82D2263A0E100C0ADFF /* Assets.xcassets */ = {isa = PBXFileReference; lastKnownFileType = folder.assetcatalog; path = Assets.xcassets; sourceTree = "<group>"; };
		514ED8302263A0E100C0ADFF /* Base */ = {isa = PBXFileReference; lastKnownFileType = file.storyboard; name = Base; path = Base.lproj/Main.storyboard; sourceTree = "<group>"; };
		514ED8322263A0E100C0ADFF /* Info.plist */ = {isa = PBXFileReference; lastKnownFileType = text.plist.xml; path = Info.plist; sourceTree = "<group>"; };
		514ED8332263A0E100C0ADFF /* TextTransformer.entitlements */ = {isa = PBXFileReference; lastKnownFileType = text.plist.entitlements; path = TextTransformer.entitlements; sourceTree = "<group>"; };
		51929B8F2263ABDC0030D4D3 /* zalgo.json */ = {isa = PBXFileReference; fileEncoding = 4; lastKnownFileType = text.json; path = zalgo.json; sourceTree = "<group>"; };
		51929B912263AC090030D4D3 /* ZalgoCharacters.swift */ = {isa = PBXFileReference; lastKnownFileType = sourcecode.swift; path = ZalgoCharacters.swift; sourceTree = "<group>"; };
		51929B932263ADC50030D4D3 /* ROT13.swift */ = {isa = PBXFileReference; lastKnownFileType = sourcecode.swift; path = ROT13.swift; sourceTree = "<group>"; };
/* End PBXFileReference section */

/* Begin PBXFrameworksBuildPhase section */
		514ED8232263A0E000C0ADFF /* Frameworks */ = {
			isa = PBXFrameworksBuildPhase;
			buildActionMask = 2147483647;
			files = (
			);
			runOnlyForDeploymentPostprocessing = 0;
		};
/* End PBXFrameworksBuildPhase section */

/* Begin PBXGroup section */
		514ED81D2263A0E000C0ADFF = {
			isa = PBXGroup;
			children = (
				514ED8282263A0E000C0ADFF /* TextTransformer */,
				514ED8272263A0E000C0ADFF /* Products */,
			);
			sourceTree = "<group>";
		};
		514ED8272263A0E000C0ADFF /* Products */ = {
			isa = PBXGroup;
			children = (
				514ED8262263A0E000C0ADFF /* TextTransformer.app */,
			);
			name = Products;
			sourceTree = "<group>";
		};
		514ED8282263A0E000C0ADFF /* TextTransformer */ = {
			isa = PBXGroup;
			children = (
				514ED8292263A0E000C0ADFF /* AppDelegate.swift */,
				514ED82B2263A0E000C0ADFF /* ViewController.swift */,
				51929B932263ADC50030D4D3 /* ROT13.swift */,
				51929B912263AC090030D4D3 /* ZalgoCharacters.swift */,
				514ED82D2263A0E100C0ADFF /* Assets.xcassets */,
				514ED82F2263A0E100C0ADFF /* Main.storyboard */,
				514ED8322263A0E100C0ADFF /* Info.plist */,
				514ED8332263A0E100C0ADFF /* TextTransformer.entitlements */,
				51929B8F2263ABDC0030D4D3 /* zalgo.json */,
			);
			path = TextTransformer;
			sourceTree = "<group>";
		};
/* End PBXGroup section */

/* Begin PBXNativeTarget section */
		514ED8252263A0E000C0ADFF /* TextTransformer */ = {
			isa = PBXNativeTarget;
			buildConfigurationList = 514ED8362263A0E100C0ADFF /* Build configuration list for PBXNativeTarget "TextTransformer" */;
			buildPhases = (
				514ED8222263A0E000C0ADFF /* Sources */,
				514ED8232263A0E000C0ADFF /* Frameworks */,
				514ED8242263A0E000C0ADFF /* Resources */,
			);
			buildRules = (
			);
			dependencies = (
			);
			name = TextTransformer;
			productName = TextTransformer;
			productReference = 514ED8262263A0E000C0ADFF /* TextTransformer.app */;
			productType = "com.apple.product-type.application";
		};
/* End PBXNativeTarget section */

/* Begin PBXProject section */
		514ED81E2263A0E000C0ADFF /* Project object */ = {
			isa = PBXProject;
			attributes = {
				LastSwiftUpdateCheck = 1020;
				LastUpgradeCheck = 1020;
				ORGANIZATIONNAME = "Hacking with Swift";
				TargetAttributes = {
					514ED8252263A0E000C0ADFF = {
						CreatedOnToolsVersion = 10.2;
					};
				};
			};
			buildConfigurationList = 514ED8212263A0E000C0ADFF /* Build configuration list for PBXProject "TextTransformer" */;
			compatibilityVersion = "Xcode 9.3";
			developmentRegion = en;
			hasScannedForEncodings = 0;
			knownRegions = (
				en,
				Base,
			);
			mainGroup = 514ED81D2263A0E000C0ADFF;
			productRefGroup = 514ED8272263A0E000C0ADFF /* Products */;
			projectDirPath = "";
			projectRoot = "";
			targets = (
				514ED8252263A0E000C0ADFF /* TextTransformer */,
			);
		};
/* End PBXProject section */

/* Begin PBXResourcesBuildPhase section */
		514ED8242263A0E000C0ADFF /* Resources */ = {
			isa = PBXResourcesBuildPhase;
			buildActionMask = 2147483647;
			files = (
				514ED82E2263A0E100C0ADFF /* Assets.xcassets in Resources */,
				514ED8312263A0E100C0ADFF /* Main.storyboard in Resources */,
				51929B902263ABDC0030D4D3 /* zalgo.json in Resources */,
			);
			runOnlyForDeploymentPostprocessing = 0;
		};
/* End PBXResourcesBuildPhase section */

/* Begin PBXSourcesBuildPhase section */
		514ED8222263A0E000C0ADFF /* Sources */ = {
			isa = PBXSourcesBuildPhase;
			buildActionMask = 2147483647;
			files = (
				51929B922263AC090030D4D3 /* ZalgoCharacters.swift in Sources */,
				514ED82C2263A0E000C0ADFF /* ViewController.swift in Sources */,
				514ED82A2263A0E000C0ADFF /* AppDelegate.swift in Sources */,
				51929B942263ADC50030D4D3 /* ROT13.swift in Sources */,
			);
			runOnlyForDeploymentPostprocessing = 0;
		};
/* End PBXSourcesBuildPhase section */

/* Begin PBXVariantGroup section */
		514ED82F2263A0E100C0ADFF /* Main.storyboard */ = {
			isa = PBXVariantGroup;
			children = (
				514ED8302263A0E100C0ADFF /* Base */,
			);
			name = Main.storyboard;
			sourceTree = "<group>";
		};
/* End PBXVariantGroup section */

/* Begin XCBuildConfiguration section */
		514ED8342263A0E100C0ADFF /* Debug */ = {
			isa = XCBuildConfiguration;
			buildSettings = {
				ALWAYS_SEARCH_USER_PATHS = NO;
				CLANG_ANALYZER_NONNULL = YES;
				CLANG_ANALYZER_NUMBER_OBJECT_CONVERSION = YES_AGGRESSIVE;
				CLANG_CXX_LANGUAGE_STANDARD = "gnu++14";
				CLANG_CXX_LIBRARY = "libc++";
				CLANG_ENABLE_MODULES = YES;
				CLANG_ENABLE_OBJC_ARC = YES;
				CLANG_ENABLE_OBJC_WEAK = YES;
				CLANG_WARN_BLOCK_CAPTURE_AUTORELEASING = YES;
				CLANG_WARN_BOOL_CONVERSION = YES;
				CLANG_WARN_COMMA = YES;
				CLANG_WARN_CONSTANT_CONVERSION = YES;
				CLANG_WARN_DEPRECATED_OBJC_IMPLEMENTATIONS = YES;
				CLANG_WARN_DIRECT_OBJC_ISA_USAGE = YES_ERROR;
				CLANG_WARN_DOCUMENTATION_COMMENTS = YES;
				CLANG_WARN_EMPTY_BODY = YES;
				CLANG_WARN_ENUM_CONVERSION = YES;
				CLANG_WARN_INFINITE_RECURSION = YES;
				CLANG_WARN_INT_CONVERSION = YES;
				CLANG_WARN_NON_LITERAL_NULL_CONVERSION = YES;
				CLANG_WARN_OBJC_IMPLICIT_RETAIN_SELF = YES;
				CLANG_WARN_OBJC_LITERAL_CONVERSION = YES;
				CLANG_WARN_OBJC_ROOT_CLASS = YES_ERROR;
				CLANG_WARN_RANGE_LOOP_ANALYSIS = YES;
				CLANG_WARN_STRICT_PROTOTYPES = YES;
				CLANG_WARN_SUSPICIOUS_MOVE = YES;
				CLANG_WARN_UNGUARDED_AVAILABILITY = YES_AGGRESSIVE;
				CLANG_WARN_UNREACHABLE_CODE = YES;
				CLANG_WARN__DUPLICATE_METHOD_MATCH = YES;
				CODE_SIGN_IDENTITY = "Mac Developer";
				COPY_PHASE_STRIP = NO;
				DEBUG_INFORMATION_FORMAT = dwarf;
				ENABLE_STRICT_OBJC_MSGSEND = YES;
				ENABLE_TESTABILITY = YES;
				GCC_C_LANGUAGE_STANDARD = gnu11;
				GCC_DYNAMIC_NO_PIC = NO;
				GCC_NO_COMMON_BLOCKS = YES;
				GCC_OPTIMIZATION_LEVEL = 0;
				GCC_PREPROCESSOR_DEFINITIONS = (
					"DEBUG=1",
					"$(inherited)",
				);
				GCC_WARN_64_TO_32_BIT_CONVERSION = YES;
				GCC_WARN_ABOUT_RETURN_TYPE = YES_ERROR;
				GCC_WARN_UNDECLARED_SELECTOR = YES;
				GCC_WARN_UNINITIALIZED_AUTOS = YES_AGGRESSIVE;
				GCC_WARN_UNUSED_FUNCTION = YES;
				GCC_WARN_UNUSED_VARIABLE = YES;
				MACOSX_DEPLOYMENT_TARGET = 10.14;
				MTL_ENABLE_DEBUG_INFO = INCLUDE_SOURCE;
				MTL_FAST_MATH = YES;
				ONLY_ACTIVE_ARCH = YES;
				SDKROOT = macosx;
				SWIFT_ACTIVE_COMPILATION_CONDITIONS = DEBUG;
				SWIFT_OPTIMIZATION_LEVEL = "-Onone";
			};
			name = Debug;
		};
		514ED8352263A0E100C0ADFF /* Release */ = {
			isa = XCBuildConfiguration;
			buildSettings = {
				ALWAYS_SEARCH_USER_PATHS = NO;
				CLANG_ANALYZER_NONNULL = YES;
				CLANG_ANALYZER_NUMBER_OBJECT_CONVERSION = YES_AGGRESSIVE;
				CLANG_CXX_LANGUAGE_STANDARD = "gnu++14";
				CLANG_CXX_LIBRARY = "libc++";
				CLANG_ENABLE_MODULES = YES;
				CLANG_ENABLE_OBJC_ARC = YES;
				CLANG_ENABLE_OBJC_WEAK = YES;
				CLANG_WARN_BLOCK_CAPTURE_AUTORELEASING = YES;
				CLANG_WARN_BOOL_CONVERSION = YES;
				CLANG_WARN_COMMA = YES;
				CLANG_WARN_CONSTANT_CONVERSION = YES;
				CLANG_WARN_DEPRECATED_OBJC_IMPLEMENTATIONS = YES;
				CLANG_WARN_DIRECT_OBJC_ISA_USAGE = YES_ERROR;
				CLANG_WARN_DOCUMENTATION_COMMENTS = YES;
				CLANG_WARN_EMPTY_BODY = YES;
				CLANG_WARN_ENUM_CONVERSION = YES;
				CLANG_WARN_INFINITE_RECURSION = YES;
				CLANG_WARN_INT_CONVERSION = YES;
				CLANG_WARN_NON_LITERAL_NULL_CONVERSION = YES;
				CLANG_WARN_OBJC_IMPLICIT_RETAIN_SELF = YES;
				CLANG_WARN_OBJC_LITERAL_CONVERSION = YES;
				CLANG_WARN_OBJC_ROOT_CLASS = YES_ERROR;
				CLANG_WARN_RANGE_LOOP_ANALYSIS = YES;
				CLANG_WARN_STRICT_PROTOTYPES = YES;
				CLANG_WARN_SUSPICIOUS_MOVE = YES;
				CLANG_WARN_UNGUARDED_AVAILABILITY = YES_AGGRESSIVE;
				CLANG_WARN_UNREACHABLE_CODE = YES;
				CLANG_WARN__DUPLICATE_METHOD_MATCH = YES;
				CODE_SIGN_IDENTITY = "Mac Developer";
				COPY_PHASE_STRIP = NO;
				DEBUG_INFORMATION_FORMAT = "dwarf-with-dsym";
				ENABLE_NS_ASSERTIONS = NO;
				ENABLE_STRICT_OBJC_MSGSEND = YES;
				GCC_C_LANGUAGE_STANDARD = gnu11;
				GCC_NO_COMMON_BLOCKS = YES;
				GCC_WARN_64_TO_32_BIT_CONVERSION = YES;
				GCC_WARN_ABOUT_RETURN_TYPE = YES_ERROR;
				GCC_WARN_UNDECLARED_SELECTOR = YES;
				GCC_WARN_UNINITIALIZED_AUTOS = YES_AGGRESSIVE;
				GCC_WARN_UNUSED_FUNCTION = YES;
				GCC_WARN_UNUSED_VARIABLE = YES;
				MACOSX_DEPLOYMENT_TARGET = 10.14;
				MTL_ENABLE_DEBUG_INFO = NO;
				MTL_FAST_MATH = YES;
				SDKROOT = macosx;
				SWIFT_COMPILATION_MODE = wholemodule;
				SWIFT_OPTIMIZATION_LEVEL = "-O";
			};
			name = Release;
		};
		514ED8372263A0E100C0ADFF /* Debug */ = {
			isa = XCBuildConfiguration;
			buildSettings = {
				ASSETCATALOG_COMPILER_APPICON_NAME = AppIcon;
				CODE_SIGN_ENTITLEMENTS = TextTransformer/TextTransformer.entitlements;
				CODE_SIGN_STYLE = Automatic;
				COMBINE_HIDPI_IMAGES = YES;
				DEVELOPMENT_TEAM = B5C26XE59E;
				INFOPLIST_FILE = TextTransformer/Info.plist;
				LD_RUNPATH_SEARCH_PATHS = (
					"$(inherited)",
					"@executable_path/../Frameworks",
				);
				PRODUCT_BUNDLE_IDENTIFIER = com.hackingwithswift.TextTransformer;
				PRODUCT_NAME = "$(TARGET_NAME)";
				SWIFT_VERSION = 5.0;
			};
			name = Debug;
		};
		514ED8382263A0E100C0ADFF /* Release */ = {
			isa = XCBuildConfiguration;
			buildSettings = {
				ASSETCATALOG_COMPILER_APPICON_NAME = AppIcon;
				CODE_SIGN_ENTITLEMENTS = TextTransformer/TextTransformer.entitlements;
				CODE_SIGN_STYLE = Automatic;
				COMBINE_HIDPI_IMAGES = YES;
				DEVELOPMENT_TEAM = B5C26XE59E;
				INFOPLIST_FILE = TextTransformer/Info.plist;
				LD_RUNPATH_SEARCH_PATHS = (
					"$(inherited)",
					"@executable_path/../Frameworks",
				);
				PRODUCT_BUNDLE_IDENTIFIER = com.hackingwithswift.TextTransformer;
				PRODUCT_NAME = "$(TARGET_NAME)";
				SWIFT_VERSION = 5.0;
			};
			name = Release;
		};
/* End XCBuildConfiguration section */

/* Begin XCConfigurationList section */
		514ED8212263A0E000C0ADFF /* Build configuration list for PBXProject "TextTransformer" */ = {
			isa = XCConfigurationList;
			buildConfigurations = (
				514ED8342263A0E100C0ADFF /* Debug */,
				514ED8352263A0E100C0ADFF /* Release */,
			);
			defaultConfigurationIsVisible = 0;
			defaultConfigurationName = Release;
		};
		514ED8362263A0E100C0ADFF /* Build configuration list for PBXNativeTarget "TextTransformer" */ = {
			isa = XCConfigurationList;
			buildConfigurations = (
				514ED8372263A0E100C0ADFF /* Debug */,
				514ED8382263A0E100C0ADFF /* Release */,
			);
			defaultConfigurationIsVisible = 0;
			defaultConfigurationName = Release;
		};
/* End XCConfigurationList section */
	};
	rootObject = 514ED81E2263A0E000C0ADFF /* Project object */;
}
