// !$*UTF8*$!
{
	archiveVersion = 1;
	classes = {
	};
	objectVersion = 50;
	objects = {

/* Begin PBXBuildFile section */
		515C490B236615D100558391 /* AppDelegate.swift in Sources */ = {isa = PBXBuildFile; fileRef = 515C490A236615D100558391 /* AppDelegate.swift */; };
		515C490D236615D100558391 /* ContentView.swift in Sources */ = {isa = PBXBuildFile; fileRef = 515C490C236615D100558391 /* ContentView.swift */; };
		515C490F236615D200558391 /* Assets.xcassets in Resources */ = {isa = PBXBuildFile; fileRef = 515C490E236615D200558391 /* Assets.xcassets */; };
		515C4912236615D200558391 /* Preview Assets.xcassets in Resources */ = {isa = PBXBuildFile; fileRef = 515C4911236615D200558391 /* Preview Assets.xcassets */; };
		515C4915236615D200558391 /* Main.storyboard in Resources */ = {isa = PBXBuildFile; fileRef = 515C4913236615D200558391 /* Main.storyboard */; };
		515C491F2366165D00558391 /* words.txt in Resources */ = {isa = PBXBuildFile; fileRef = 515C491D2366165D00558391 /* words.txt */; };
		515C49202366165D00558391 /* start.txt in Resources */ = {isa = PBXBuildFile; fileRef = 515C491E2366165D00558391 /* start.txt */; };
		515C4922236617E700558391 /* Letter.swift in Sources */ = {isa = PBXBuildFile; fileRef = 515C4921236617E700558391 /* Letter.swift */; };
		515C49242366197700558391 /* Bundle-WordLoading.swift in Sources */ = {isa = PBXBuildFile; fileRef = 515C49232366197700558391 /* Bundle-WordLoading.swift */; };
		515C49262366240E00558391 /* GameNumber.swift in Sources */ = {isa = PBXBuildFile; fileRef = 515C49252366240E00558391 /* GameNumber.swift */; };
		515C49282366259700558391 /* ResetButton.swift in Sources */ = {isa = PBXBuildFile; fileRef = 515C49272366259700558391 /* ResetButton.swift */; };
		515C492A236626E900558391 /* ShuffleTray.swift in Sources */ = {isa = PBXBuildFile; fileRef = 515C4929236626E900558391 /* ShuffleTray.swift */; };
/* End PBXBuildFile section */

/* Begin PBXFileReference section */
		515C4907236615D100558391 /* Switcharoo.app */ = {isa = PBXFileReference; explicitFileType = wrapper.application; includeInIndex = 0; path = Switcharoo.app; sourceTree = BUILT_PRODUCTS_DIR; };
		515C490A236615D100558391 /* AppDelegate.swift */ = {isa = PBXFileReference; lastKnownFileType = sourcecode.swift; path = AppDelegate.swift; sourceTree = "<group>"; };
		515C490C236615D100558391 /* ContentView.swift */ = {isa = PBXFileReference; lastKnownFileType = sourcecode.swift; path = ContentView.swift; sourceTree = "<group>"; };
		515C490E236615D200558391 /* Assets.xcassets */ = {isa = PBXFileReference; lastKnownFileType = folder.assetcatalog; path = Assets.xcassets; sourceTree = "<group>"; };
		515C4911236615D200558391 /* Preview Assets.xcassets */ = {isa = PBXFileReference; lastKnownFileType = folder.assetcatalog; path = "Preview Assets.xcassets"; sourceTree = "<group>"; };
		515C4914236615D200558391 /* Base */ = {isa = PBXFileReference; lastKnownFileType = file.storyboard; name = Base; path = Base.lproj/Main.storyboard; sourceTree = "<group>"; };
		515C4916236615D200558391 /* Info.plist */ = {isa = PBXFileReference; lastKnownFileType = text.plist.xml; path = Info.plist; sourceTree = "<group>"; };
		515C4917236615D200558391 /* Switcharoo.entitlements */ = {isa = PBXFileReference; lastKnownFileType = text.plist.entitlements; path = Switcharoo.entitlements; sourceTree = "<group>"; };
		515C491D2366165D00558391 /* words.txt */ = {isa = PBXFileReference; fileEncoding = 4; lastKnownFileType = text; path = words.txt; sourceTree = "<group>"; };
		515C491E2366165D00558391 /* start.txt */ = {isa = PBXFileReference; fileEncoding = 4; lastKnownFileType = text; path = start.txt; sourceTree = "<group>"; };
		515C4921236617E700558391 /* Letter.swift */ = {isa = PBXFileReference; lastKnownFileType = sourcecode.swift; path = Letter.swift; sourceTree = "<group>"; };
		515C49232366197700558391 /* Bundle-WordLoading.swift */ = {isa = PBXFileReference; lastKnownFileType = sourcecode.swift; path = "Bundle-WordLoading.swift"; sourceTree = "<group>"; };
		515C49252366240E00558391 /* GameNumber.swift */ = {isa = PBXFileReference; lastKnownFileType = sourcecode.swift; path = GameNumber.swift; sourceTree = "<group>"; };
		515C49272366259700558391 /* ResetButton.swift */ = {isa = PBXFileReference; lastKnownFileType = sourcecode.swift; path = ResetButton.swift; sourceTree = "<group>"; };
		515C4929236626E900558391 /* ShuffleTray.swift */ = {isa = PBXFileReference; lastKnownFileType = sourcecode.swift; path = ShuffleTray.swift; sourceTree = "<group>"; };
/* End PBXFileReference section */

/* Begin PBXFrameworksBuildPhase section */
		515C4904236615D100558391 /* Frameworks */ = {
			isa = PBXFrameworksBuildPhase;
			buildActionMask = 2147483647;
			files = (
			);
			runOnlyForDeploymentPostprocessing = 0;
		};
/* End PBXFrameworksBuildPhase section */

/* Begin PBXGroup section */
		515C48FE236615D100558391 = {
			isa = PBXGroup;
			children = (
				515C4909236615D100558391 /* Switcharoo */,
				515C4908236615D100558391 /* Products */,
			);
			sourceTree = "<group>";
		};
		515C4908236615D100558391 /* Products */ = {
			isa = PBXGroup;
			children = (
				515C4907236615D100558391 /* Switcharoo.app */,
			);
			name = Products;
			sourceTree = "<group>";
		};
		515C4909236615D100558391 /* Switcharoo */ = {
			isa = PBXGroup;
			children = (
				515C490A236615D100558391 /* AppDelegate.swift */,
				515C490C236615D100558391 /* ContentView.swift */,
				515C4929236626E900558391 /* ShuffleTray.swift */,
				515C49272366259700558391 /* ResetButton.swift */,
				515C49252366240E00558391 /* GameNumber.swift */,
				515C490E236615D200558391 /* Assets.xcassets */,
				515C4921236617E700558391 /* Letter.swift */,
				515C4913236615D200558391 /* Main.storyboard */,
				515C491E2366165D00558391 /* start.txt */,
				515C491D2366165D00558391 /* words.txt */,
				515C49232366197700558391 /* Bundle-WordLoading.swift */,
				515C4916236615D200558391 /* Info.plist */,
				515C4917236615D200558391 /* Switcharoo.entitlements */,
				515C4910236615D200558391 /* Preview Content */,
			);
			path = Switcharoo;
			sourceTree = "<group>";
		};
		515C4910236615D200558391 /* Preview Content */ = {
			isa = PBXGroup;
			children = (
				515C4911236615D200558391 /* Preview Assets.xcassets */,
			);
			path = "Preview Content";
			sourceTree = "<group>";
		};
/* End PBXGroup section */

/* Begin PBXNativeTarget section */
		515C4906236615D100558391 /* Switcharoo */ = {
			isa = PBXNativeTarget;
			buildConfigurationList = 515C491A236615D200558391 /* Build configuration list for PBXNativeTarget "Switcharoo" */;
			buildPhases = (
				515C4903236615D100558391 /* Sources */,
				515C4904236615D100558391 /* Frameworks */,
				515C4905236615D100558391 /* Resources */,
			);
			buildRules = (
			);
			dependencies = (
			);
			name = Switcharoo;
			productName = Switcharoo;
			productReference = 515C4907236615D100558391 /* Switcharoo.app */;
			productType = "com.apple.product-type.application";
		};
/* End PBXNativeTarget section */

/* Begin PBXProject section */
		515C48FF236615D100558391 /* Project object */ = {
			isa = PBXProject;
			attributes = {
				LastSwiftUpdateCheck = 1110;
				LastUpgradeCheck = 1110;
				ORGANIZATIONNAME = "Hacking with Swift";
				TargetAttributes = {
					515C4906236615D100558391 = {
						CreatedOnToolsVersion = 11.1;
					};
				};
			};
			buildConfigurationList = 515C4902236615D100558391 /* Build configuration list for PBXProject "Switcharoo" */;
			compatibilityVersion = "Xcode 9.3";
			developmentRegion = en;
			hasScannedForEncodings = 0;
			knownRegions = (
				en,
				Base,
			);
			mainGroup = 515C48FE236615D100558391;
			productRefGroup = 515C4908236615D100558391 /* Products */;
			projectDirPath = "";
			projectRoot = "";
			targets = (
				515C4906236615D100558391 /* Switcharoo */,
			);
		};
/* End PBXProject section */

/* Begin PBXResourcesBuildPhase section */
		515C4905236615D100558391 /* Resources */ = {
			isa = PBXResourcesBuildPhase;
			buildActionMask = 2147483647;
			files = (
				515C4915236615D200558391 /* Main.storyboard in Resources */,
				515C4912236615D200558391 /* Preview Assets.xcassets in Resources */,
				515C491F2366165D00558391 /* words.txt in Resources */,
				515C490F236615D200558391 /* Assets.xcassets in Resources */,
				515C49202366165D00558391 /* start.txt in Resources */,
			);
			runOnlyForDeploymentPostprocessing = 0;
		};
/* End PBXResourcesBuildPhase section */

/* Begin PBXSourcesBuildPhase section */
		515C4903236615D100558391 /* Sources */ = {
			isa = PBXSourcesBuildPhase;
			buildActionMask = 2147483647;
			files = (
				515C49242366197700558391 /* Bundle-WordLoading.swift in Sources */,
				515C492A236626E900558391 /* ShuffleTray.swift in Sources */,
				515C49282366259700558391 /* ResetButton.swift in Sources */,
				515C4922236617E700558391 /* Letter.swift in Sources */,
				515C490D236615D100558391 /* ContentView.swift in Sources */,
				515C49262366240E00558391 /* GameNumber.swift in Sources */,
				515C490B236615D100558391 /* AppDelegate.swift in Sources */,
			);
			runOnlyForDeploymentPostprocessing = 0;
		};
/* End PBXSourcesBuildPhase section */

/* Begin PBXVariantGroup section */
		515C4913236615D200558391 /* Main.storyboard */ = {
			isa = PBXVariantGroup;
			children = (
				515C4914236615D200558391 /* Base */,
			);
			name = Main.storyboard;
			sourceTree = "<group>";
		};
/* End PBXVariantGroup section */

/* Begin XCBuildConfiguration section */
		515C4918236615D200558391 /* Debug */ = {
			isa = XCBuildConfiguration;
			buildSettings = {
				ALWAYS_SEARCH_USER_PATHS = NO;
				CLANG_ANALYZER_NONNULL = YES;
				CLANG_ANALYZER_NUMBER_OBJECT_CONVERSION = YES_AGGRESSIVE;
				CLANG_CXX_LANGUAGE_STANDARD = "gnu++14";
				CLANG_CXX_LIBRARY = "libc++";
				CLANG_ENABLE_MODULES = YES;
				CLANG_ENABLE_OBJC_ARC = YES;
				CLANG_ENABLE_OBJC_WEAK = YES;
				CLANG_WARN_BLOCK_CAPTURE_AUTORELEASING = YES;
				CLANG_WARN_BOOL_CONVERSION = YES;
				CLANG_WARN_COMMA = YES;
				CLANG_WARN_CONSTANT_CONVERSION = YES;
				CLANG_WARN_DEPRECATED_OBJC_IMPLEMENTATIONS = YES;
				CLANG_WARN_DIRECT_OBJC_ISA_USAGE = YES_ERROR;
				CLANG_WARN_DOCUMENTATION_COMMENTS = YES;
				CLANG_WARN_EMPTY_BODY = YES;
				CLANG_WARN_ENUM_CONVERSION = YES;
				CLANG_WARN_INFINITE_RECURSION = YES;
				CLANG_WARN_INT_CONVERSION = YES;
				CLANG_WARN_NON_LITERAL_NULL_CONVERSION = YES;
				CLANG_WARN_OBJC_IMPLICIT_RETAIN_SELF = YES;
				CLANG_WARN_OBJC_LITERAL_CONVERSION = YES;
				CLANG_WARN_OBJC_ROOT_CLASS = YES_ERROR;
				CLANG_WARN_RANGE_LOOP_ANALYSIS = YES;
				CLANG_WARN_STRICT_PROTOTYPES = YES;
				CLANG_WARN_SUSPICIOUS_MOVE = YES;
				CLANG_WARN_UNGUARDED_AVAILABILITY = YES_AGGRESSIVE;
				CLANG_WARN_UNREACHABLE_CODE = YES;
				CLANG_WARN__DUPLICATE_METHOD_MATCH = YES;
				COPY_PHASE_STRIP = NO;
				DEBUG_INFORMATION_FORMAT = dwarf;
				ENABLE_STRICT_OBJC_MSGSEND = YES;
				ENABLE_TESTABILITY = YES;
				GCC_C_LANGUAGE_STANDARD = gnu11;
				GCC_DYNAMIC_NO_PIC = NO;
				GCC_NO_COMMON_BLOCKS = YES;
				GCC_OPTIMIZATION_LEVEL = 0;
				GCC_PREPROCESSOR_DEFINITIONS = (
					"DEBUG=1",
					"$(inherited)",
				);
				GCC_WARN_64_TO_32_BIT_CONVERSION = YES;
				GCC_WARN_ABOUT_RETURN_TYPE = YES_ERROR;
				GCC_WARN_UNDECLARED_SELECTOR = YES;
				GCC_WARN_UNINITIALIZED_AUTOS = YES_AGGRESSIVE;
				GCC_WARN_UNUSED_FUNCTION = YES;
				GCC_WARN_UNUSED_VARIABLE = YES;
				MACOSX_DEPLOYMENT_TARGET = 10.15;
				MTL_ENABLE_DEBUG_INFO = INCLUDE_SOURCE;
				MTL_FAST_MATH = YES;
				ONLY_ACTIVE_ARCH = YES;
				SDKROOT = macosx;
				SWIFT_ACTIVE_COMPILATION_CONDITIONS = DEBUG;
				SWIFT_OPTIMIZATION_LEVEL = "-Onone";
			};
			name = Debug;
		};
		515C4919236615D200558391 /* Release */ = {
			isa = XCBuildConfiguration;
			buildSettings = {
				ALWAYS_SEARCH_USER_PATHS = NO;
				CLANG_ANALYZER_NONNULL = YES;
				CLANG_ANALYZER_NUMBER_OBJECT_CONVERSION = YES_AGGRESSIVE;
				CLANG_CXX_LANGUAGE_STANDARD = "gnu++14";
				CLANG_CXX_LIBRARY = "libc++";
				CLANG_ENABLE_MODULES = YES;
				CLANG_ENABLE_OBJC_ARC = YES;
				CLANG_ENABLE_OBJC_WEAK = YES;
				CLANG_WARN_BLOCK_CAPTURE_AUTORELEASING = YES;
				CLANG_WARN_BOOL_CONVERSION = YES;
				CLANG_WARN_COMMA = YES;
				CLANG_WARN_CONSTANT_CONVERSION = YES;
				CLANG_WARN_DEPRECATED_OBJC_IMPLEMENTATIONS = YES;
				CLANG_WARN_DIRECT_OBJC_ISA_USAGE = YES_ERROR;
				CLANG_WARN_DOCUMENTATION_COMMENTS = YES;
				CLANG_WARN_EMPTY_BODY = YES;
				CLANG_WARN_ENUM_CONVERSION = YES;
				CLANG_WARN_INFINITE_RECURSION = YES;
				CLANG_WARN_INT_CONVERSION = YES;
				CLANG_WARN_NON_LITERAL_NULL_CONVERSION = YES;
				CLANG_WARN_OBJC_IMPLICIT_RETAIN_SELF = YES;
				CLANG_WARN_OBJC_LITERAL_CONVERSION = YES;
				CLANG_WARN_OBJC_ROOT_CLASS = YES_ERROR;
				CLANG_WARN_RANGE_LOOP_ANALYSIS = YES;
				CLANG_WARN_STRICT_PROTOTYPES = YES;
				CLANG_WARN_SUSPICIOUS_MOVE = YES;
				CLANG_WARN_UNGUARDED_AVAILABILITY = YES_AGGRESSIVE;
				CLANG_WARN_UNREACHABLE_CODE = YES;
				CLANG_WARN__DUPLICATE_METHOD_MATCH = YES;
				COPY_PHASE_STRIP = NO;
				DEBUG_INFORMATION_FORMAT = "dwarf-with-dsym";
				ENABLE_NS_ASSERTIONS = NO;
				ENABLE_STRICT_OBJC_MSGSEND = YES;
				GCC_C_LANGUAGE_STANDARD = gnu11;
				GCC_NO_COMMON_BLOCKS = YES;
				GCC_WARN_64_TO_32_BIT_CONVERSION = YES;
				GCC_WARN_ABOUT_RETURN_TYPE = YES_ERROR;
				GCC_WARN_UNDECLARED_SELECTOR = YES;
				GCC_WARN_UNINITIALIZED_AUTOS = YES_AGGRESSIVE;
				GCC_WARN_UNUSED_FUNCTION = YES;
				GCC_WARN_UNUSED_VARIABLE = YES;
				MACOSX_DEPLOYMENT_TARGET = 10.15;
				MTL_ENABLE_DEBUG_INFO = NO;
				MTL_FAST_MATH = YES;
				SDKROOT = macosx;
				SWIFT_COMPILATION_MODE = wholemodule;
				SWIFT_OPTIMIZATION_LEVEL = "-O";
			};
			name = Release;
		};
		515C491B236615D200558391 /* Debug */ = {
			isa = XCBuildConfiguration;
			buildSettings = {
				ASSETCATALOG_COMPILER_APPICON_NAME = AppIcon;
				CODE_SIGN_ENTITLEMENTS = Switcharoo/Switcharoo.entitlements;
				CODE_SIGN_STYLE = Automatic;
				COMBINE_HIDPI_IMAGES = YES;
				DEVELOPMENT_ASSET_PATHS = "\"Switcharoo/Preview Content\"";
				DEVELOPMENT_TEAM = B5C26XE59E;
				ENABLE_HARDENED_RUNTIME = YES;
				ENABLE_PREVIEWS = YES;
				INFOPLIST_FILE = Switcharoo/Info.plist;
				LD_RUNPATH_SEARCH_PATHS = (
					"$(inherited)",
					"@executable_path/../Frameworks",
				);
				MACOSX_DEPLOYMENT_TARGET = 10.15;
				PRODUCT_BUNDLE_IDENTIFIER = com.hackingwithswift.Switcharoo;
				PRODUCT_NAME = "$(TARGET_NAME)";
				SWIFT_VERSION = 5.0;
			};
			name = Debug;
		};
		515C491C236615D200558391 /* Release */ = {
			isa = XCBuildConfiguration;
			buildSettings = {
				ASSETCATALOG_COMPILER_APPICON_NAME = AppIcon;
				CODE_SIGN_ENTITLEMENTS = Switcharoo/Switcharoo.entitlements;
				CODE_SIGN_STYLE = Automatic;
				COMBINE_HIDPI_IMAGES = YES;
				DEVELOPMENT_ASSET_PATHS = "\"Switcharoo/Preview Content\"";
				DEVELOPMENT_TEAM = B5C26XE59E;
				ENABLE_HARDENED_RUNTIME = YES;
				ENABLE_PREVIEWS = YES;
				INFOPLIST_FILE = Switcharoo/Info.plist;
				LD_RUNPATH_SEARCH_PATHS = (
					"$(inherited)",
					"@executable_path/../Frameworks",
				);
				MACOSX_DEPLOYMENT_TARGET = 10.15;
				PRODUCT_BUNDLE_IDENTIFIER = com.hackingwithswift.Switcharoo;
				PRODUCT_NAME = "$(TARGET_NAME)";
				SWIFT_VERSION = 5.0;
			};
			name = Release;
		};
/* End XCBuildConfiguration section */

/* Begin XCConfigurationList section */
		515C4902236615D100558391 /* Build configuration list for PBXProject "Switcharoo" */ = {
			isa = XCConfigurationList;
			buildConfigurations = (
				515C4918236615D200558391 /* Debug */,
				515C4919236615D200558391 /* Release */,
			);
			defaultConfigurationIsVisible = 0;
			defaultConfigurationName = Release;
		};
		515C491A236615D200558391 /* Build configuration list for PBXNativeTarget "Switcharoo" */ = {
			isa = XCConfigurationList;
			buildConfigurations = (
				515C491B236615D200558391 /* Debug */,
				515C491C236615D200558391 /* Release */,
			);
			defaultConfigurationIsVisible = 0;
			defaultConfigurationName = Release;
		};
/* End XCConfigurationList section */
	};
	rootObject = 515C48FF236615D100558391 /* Project object */;
}
