// !$*UTF8*$!
{
	archiveVersion = 1;
	classes = {
	};
	objectVersion = 50;
	objects = {

/* Begin PBXBuildFile section */
		5171A90F2337E1AF007010CE /* AppDelegate.swift in Sources */ = {isa = PBXBuildFile; fileRef = 5171A90E2337E1AF007010CE /* AppDelegate.swift */; };
		5171A9112337E1AF007010CE /* SceneDelegate.swift in Sources */ = {isa = PBXBuildFile; fileRef = 5171A9102337E1AF007010CE /* SceneDelegate.swift */; };
		5171A9142337E1AF007010CE /* DadJokes.xcdatamodeld in Sources */ = {isa = PBXBuildFile; fileRef = 5171A9122337E1AF007010CE /* DadJokes.xcdatamodeld */; };
		5171A9162337E1AF007010CE /* ContentView.swift in Sources */ = {isa = PBXBuildFile; fileRef = 5171A9152337E1AF007010CE /* ContentView.swift */; };
		5171A9182337E1B2007010CE /* Assets.xcassets in Resources */ = {isa = PBXBuildFile; fileRef = 5171A9172337E1B2007010CE /* Assets.xcassets */; };
		5171A91B2337E1B2007010CE /* Preview Assets.xcassets in Resources */ = {isa = PBXBuildFile; fileRef = 5171A91A2337E1B2007010CE /* Preview Assets.xcassets */; };
		5171A91E2337E1B2007010CE /* LaunchScreen.storyboard in Resources */ = {isa = PBXBuildFile; fileRef = 5171A91C2337E1B2007010CE /* LaunchScreen.storyboard */; };
		5171A9292337E8D3007010CE /* Joke+CoreDataClass.swift in Sources */ = {isa = PBXBuildFile; fileRef = 5171A9272337E8D3007010CE /* Joke+CoreDataClass.swift */; };
		5171A92A2337E8D3007010CE /* Joke+CoreDataProperties.swift in Sources */ = {isa = PBXBuildFile; fileRef = 5171A9282337E8D3007010CE /* Joke+CoreDataProperties.swift */; };
		5171A92C2337EA57007010CE /* AddView.swift in Sources */ = {isa = PBXBuildFile; fileRef = 5171A92B2337EA57007010CE /* AddView.swift */; };
		5171A9552337F99F007010CE /* JokeCard.swift in Sources */ = {isa = PBXBuildFile; fileRef = 5171A9542337F99F007010CE /* JokeCard.swift */; };
		51F7AF0C2338E07A00C40CD6 /* EmojiView.swift in Sources */ = {isa = PBXBuildFile; fileRef = 51F7AF0B2338E07A00C40CD6 /* EmojiView.swift */; };
/* End PBXBuildFile section */

/* Begin PBXFileReference section */
		5171A90B2337E1AF007010CE /* DadJokes.app */ = {isa = PBXFileReference; explicitFileType = wrapper.application; includeInIndex = 0; path = DadJokes.app; sourceTree = BUILT_PRODUCTS_DIR; };
		5171A90E2337E1AF007010CE /* AppDelegate.swift */ = {isa = PBXFileReference; lastKnownFileType = sourcecode.swift; path = AppDelegate.swift; sourceTree = "<group>"; };
		5171A9102337E1AF007010CE /* SceneDelegate.swift */ = {isa = PBXFileReference; lastKnownFileType = sourcecode.swift; path = SceneDelegate.swift; sourceTree = "<group>"; };
		5171A9132337E1AF007010CE /* DadJokes.xcdatamodel */ = {isa = PBXFileReference; lastKnownFileType = wrapper.xcdatamodel; path = DadJokes.xcdatamodel; sourceTree = "<group>"; };
		5171A9152337E1AF007010CE /* ContentView.swift */ = {isa = PBXFileReference; lastKnownFileType = sourcecode.swift; path = ContentView.swift; sourceTree = "<group>"; };
		5171A9172337E1B2007010CE /* Assets.xcassets */ = {isa = PBXFileReference; lastKnownFileType = folder.assetcatalog; path = Assets.xcassets; sourceTree = "<group>"; };
		5171A91A2337E1B2007010CE /* Preview Assets.xcassets */ = {isa = PBXFileReference; lastKnownFileType = folder.assetcatalog; path = "Preview Assets.xcassets"; sourceTree = "<group>"; };
		5171A91D2337E1B2007010CE /* Base */ = {isa = PBXFileReference; lastKnownFileType = file.storyboard; name = Base; path = Base.lproj/LaunchScreen.storyboard; sourceTree = "<group>"; };
		5171A91F2337E1B2007010CE /* Info.plist */ = {isa = PBXFileReference; lastKnownFileType = text.plist.xml; path = Info.plist; sourceTree = "<group>"; };
		5171A9272337E8D3007010CE /* Joke+CoreDataClass.swift */ = {isa = PBXFileReference; lastKnownFileType = sourcecode.swift; path = "Joke+CoreDataClass.swift"; sourceTree = "<group>"; };
		5171A9282337E8D3007010CE /* Joke+CoreDataProperties.swift */ = {isa = PBXFileReference; lastKnownFileType = sourcecode.swift; path = "Joke+CoreDataProperties.swift"; sourceTree = "<group>"; };
		5171A92B2337EA57007010CE /* AddView.swift */ = {isa = PBXFileReference; lastKnownFileType = sourcecode.swift; path = AddView.swift; sourceTree = "<group>"; };
		5171A92D2337F14A007010CE /* DadJokes.entitlements */ = {isa = PBXFileReference; lastKnownFileType = text.plist.entitlements; path = DadJokes.entitlements; sourceTree = "<group>"; };
		5171A9542337F99F007010CE /* JokeCard.swift */ = {isa = PBXFileReference; lastKnownFileType = sourcecode.swift; path = JokeCard.swift; sourceTree = "<group>"; };
		51F7AF0B2338E07A00C40CD6 /* EmojiView.swift */ = {isa = PBXFileReference; fileEncoding = 4; lastKnownFileType = sourcecode.swift; path = EmojiView.swift; sourceTree = "<group>"; };
/* End PBXFileReference section */

/* Begin PBXFrameworksBuildPhase section */
		5171A9082337E1AF007010CE /* Frameworks */ = {
			isa = PBXFrameworksBuildPhase;
			buildActionMask = 2147483647;
			files = (
			);
			runOnlyForDeploymentPostprocessing = 0;
		};
/* End PBXFrameworksBuildPhase section */

/* Begin PBXGroup section */
		5171A9022337E1AF007010CE = {
			isa = PBXGroup;
			children = (
				5171A90D2337E1AF007010CE /* DadJokes */,
				5171A90C2337E1AF007010CE /* Products */,
			);
			sourceTree = "<group>";
		};
		5171A90C2337E1AF007010CE /* Products */ = {
			isa = PBXGroup;
			children = (
				5171A90B2337E1AF007010CE /* DadJokes.app */,
			);
			name = Products;
			sourceTree = "<group>";
		};
		5171A90D2337E1AF007010CE /* DadJokes */ = {
			isa = PBXGroup;
			children = (
				5171A92D2337F14A007010CE /* DadJokes.entitlements */,
				5171A9272337E8D3007010CE /* Joke+CoreDataClass.swift */,
				5171A9282337E8D3007010CE /* Joke+CoreDataProperties.swift */,
				5171A90E2337E1AF007010CE /* AppDelegate.swift */,
				5171A9102337E1AF007010CE /* SceneDelegate.swift */,
				5171A92B2337EA57007010CE /* AddView.swift */,
				5171A9152337E1AF007010CE /* ContentView.swift */,
				5171A9542337F99F007010CE /* JokeCard.swift */,
				51F7AF0B2338E07A00C40CD6 /* EmojiView.swift */,
				5171A9172337E1B2007010CE /* Assets.xcassets */,
				5171A91C2337E1B2007010CE /* LaunchScreen.storyboard */,
				5171A91F2337E1B2007010CE /* Info.plist */,
				5171A9122337E1AF007010CE /* DadJokes.xcdatamodeld */,
				5171A9192337E1B2007010CE /* Preview Content */,
			);
			path = DadJokes;
			sourceTree = "<group>";
		};
		5171A9192337E1B2007010CE /* Preview Content */ = {
			isa = PBXGroup;
			children = (
				5171A91A2337E1B2007010CE /* Preview Assets.xcassets */,
			);
			path = "Preview Content";
			sourceTree = "<group>";
		};
/* End PBXGroup section */

/* Begin PBXNativeTarget section */
		5171A90A2337E1AF007010CE /* DadJokes */ = {
			isa = PBXNativeTarget;
			buildConfigurationList = 5171A9222337E1B2007010CE /* Build configuration list for PBXNativeTarget "DadJokes" */;
			buildPhases = (
				5171A9072337E1AF007010CE /* Sources */,
				5171A9082337E1AF007010CE /* Frameworks */,
				5171A9092337E1AF007010CE /* Resources */,
			);
			buildRules = (
			);
			dependencies = (
			);
			name = DadJokes;
			productName = DadJokes;
			productReference = 5171A90B2337E1AF007010CE /* DadJokes.app */;
			productType = "com.apple.product-type.application";
		};
/* End PBXNativeTarget section */

/* Begin PBXProject section */
		5171A9032337E1AF007010CE /* Project object */ = {
			isa = PBXProject;
			attributes = {
				LastSwiftUpdateCheck = 1100;
				LastUpgradeCheck = 1100;
				ORGANIZATIONNAME = "Hacking with Swift";
				TargetAttributes = {
					5171A90A2337E1AF007010CE = {
						CreatedOnToolsVersion = 11.0;
					};
				};
			};
			buildConfigurationList = 5171A9062337E1AF007010CE /* Build configuration list for PBXProject "DadJokes" */;
			compatibilityVersion = "Xcode 9.3";
			developmentRegion = en;
			hasScannedForEncodings = 0;
			knownRegions = (
				en,
				Base,
			);
			mainGroup = 5171A9022337E1AF007010CE;
			productRefGroup = 5171A90C2337E1AF007010CE /* Products */;
			projectDirPath = "";
			projectRoot = "";
			targets = (
				5171A90A2337E1AF007010CE /* DadJokes */,
			);
		};
/* End PBXProject section */

/* Begin PBXResourcesBuildPhase section */
		5171A9092337E1AF007010CE /* Resources */ = {
			isa = PBXResourcesBuildPhase;
			buildActionMask = 2147483647;
			files = (
				5171A91E2337E1B2007010CE /* LaunchScreen.storyboard in Resources */,
				5171A91B2337E1B2007010CE /* Preview Assets.xcassets in Resources */,
				5171A9182337E1B2007010CE /* Assets.xcassets in Resources */,
			);
			runOnlyForDeploymentPostprocessing = 0;
		};
/* End PBXResourcesBuildPhase section */

/* Begin PBXSourcesBuildPhase section */
		5171A9072337E1AF007010CE /* Sources */ = {
			isa = PBXSourcesBuildPhase;
			buildActionMask = 2147483647;
			files = (
				5171A9292337E8D3007010CE /* Joke+CoreDataClass.swift in Sources */,
				5171A9552337F99F007010CE /* JokeCard.swift in Sources */,
				51F7AF0C2338E07A00C40CD6 /* EmojiView.swift in Sources */,
				5171A9142337E1AF007010CE /* DadJokes.xcdatamodeld in Sources */,
				5171A90F2337E1AF007010CE /* AppDelegate.swift in Sources */,
				5171A9162337E1AF007010CE /* ContentView.swift in Sources */,
				5171A92C2337EA57007010CE /* AddView.swift in Sources */,
				5171A9112337E1AF007010CE /* SceneDelegate.swift in Sources */,
				5171A92A2337E8D3007010CE /* Joke+CoreDataProperties.swift in Sources */,
			);
			runOnlyForDeploymentPostprocessing = 0;
		};
/* End PBXSourcesBuildPhase section */

/* Begin PBXVariantGroup section */
		5171A91C2337E1B2007010CE /* LaunchScreen.storyboard */ = {
			isa = PBXVariantGroup;
			children = (
				5171A91D2337E1B2007010CE /* Base */,
			);
			name = LaunchScreen.storyboard;
			sourceTree = "<group>";
		};
/* End PBXVariantGroup section */

/* Begin XCBuildConfiguration section */
		5171A9202337E1B2007010CE /* Debug */ = {
			isa = XCBuildConfiguration;
			buildSettings = {
				ALWAYS_SEARCH_USER_PATHS = NO;
				CLANG_ANALYZER_NONNULL = YES;
				CLANG_ANALYZER_NUMBER_OBJECT_CONVERSION = YES_AGGRESSIVE;
				CLANG_CXX_LANGUAGE_STANDARD = "gnu++14";
				CLANG_CXX_LIBRARY = "libc++";
				CLANG_ENABLE_MODULES = YES;
				CLANG_ENABLE_OBJC_ARC = YES;
				CLANG_ENABLE_OBJC_WEAK = YES;
				CLANG_WARN_BLOCK_CAPTURE_AUTORELEASING = YES;
				CLANG_WARN_BOOL_CONVERSION = YES;
				CLANG_WARN_COMMA = YES;
				CLANG_WARN_CONSTANT_CONVERSION = YES;
				CLANG_WARN_DEPRECATED_OBJC_IMPLEMENTATIONS = YES;
				CLANG_WARN_DIRECT_OBJC_ISA_USAGE = YES_ERROR;
				CLANG_WARN_DOCUMENTATION_COMMENTS = YES;
				CLANG_WARN_EMPTY_BODY = YES;
				CLANG_WARN_ENUM_CONVERSION = YES;
				CLANG_WARN_INFINITE_RECURSION = YES;
				CLANG_WARN_INT_CONVERSION = YES;
				CLANG_WARN_NON_LITERAL_NULL_CONVERSION = YES;
				CLANG_WARN_OBJC_IMPLICIT_RETAIN_SELF = YES;
				CLANG_WARN_OBJC_LITERAL_CONVERSION = YES;
				CLANG_WARN_OBJC_ROOT_CLASS = YES_ERROR;
				CLANG_WARN_RANGE_LOOP_ANALYSIS = YES;
				CLANG_WARN_STRICT_PROTOTYPES = YES;
				CLANG_WARN_SUSPICIOUS_MOVE = YES;
				CLANG_WARN_UNGUARDED_AVAILABILITY = YES_AGGRESSIVE;
				CLANG_WARN_UNREACHABLE_CODE = YES;
				CLANG_WARN__DUPLICATE_METHOD_MATCH = YES;
				COPY_PHASE_STRIP = NO;
				DEBUG_INFORMATION_FORMAT = dwarf;
				ENABLE_STRICT_OBJC_MSGSEND = YES;
				ENABLE_TESTABILITY = YES;
				GCC_C_LANGUAGE_STANDARD = gnu11;
				GCC_DYNAMIC_NO_PIC = NO;
				GCC_NO_COMMON_BLOCKS = YES;
				GCC_OPTIMIZATION_LEVEL = 0;
				GCC_PREPROCESSOR_DEFINITIONS = (
					"DEBUG=1",
					"$(inherited)",
				);
				GCC_WARN_64_TO_32_BIT_CONVERSION = YES;
				GCC_WARN_ABOUT_RETURN_TYPE = YES_ERROR;
				GCC_WARN_UNDECLARED_SELECTOR = YES;
				GCC_WARN_UNINITIALIZED_AUTOS = YES_AGGRESSIVE;
				GCC_WARN_UNUSED_FUNCTION = YES;
				GCC_WARN_UNUSED_VARIABLE = YES;
				IPHONEOS_DEPLOYMENT_TARGET = 13.0;
				MTL_ENABLE_DEBUG_INFO = INCLUDE_SOURCE;
				MTL_FAST_MATH = YES;
				ONLY_ACTIVE_ARCH = YES;
				SDKROOT = iphoneos;
				SWIFT_ACTIVE_COMPILATION_CONDITIONS = DEBUG;
				SWIFT_OPTIMIZATION_LEVEL = "-Onone";
			};
			name = Debug;
		};
		5171A9212337E1B2007010CE /* Release */ = {
			isa = XCBuildConfiguration;
			buildSettings = {
				ALWAYS_SEARCH_USER_PATHS = NO;
				CLANG_ANALYZER_NONNULL = YES;
				CLANG_ANALYZER_NUMBER_OBJECT_CONVERSION = YES_AGGRESSIVE;
				CLANG_CXX_LANGUAGE_STANDARD = "gnu++14";
				CLANG_CXX_LIBRARY = "libc++";
				CLANG_ENABLE_MODULES = YES;
				CLANG_ENABLE_OBJC_ARC = YES;
				CLANG_ENABLE_OBJC_WEAK = YES;
				CLANG_WARN_BLOCK_CAPTURE_AUTORELEASING = YES;
				CLANG_WARN_BOOL_CONVERSION = YES;
				CLANG_WARN_COMMA = YES;
				CLANG_WARN_CONSTANT_CONVERSION = YES;
				CLANG_WARN_DEPRECATED_OBJC_IMPLEMENTATIONS = YES;
				CLANG_WARN_DIRECT_OBJC_ISA_USAGE = YES_ERROR;
				CLANG_WARN_DOCUMENTATION_COMMENTS = YES;
				CLANG_WARN_EMPTY_BODY = YES;
				CLANG_WARN_ENUM_CONVERSION = YES;
				CLANG_WARN_INFINITE_RECURSION = YES;
				CLANG_WARN_INT_CONVERSION = YES;
				CLANG_WARN_NON_LITERAL_NULL_CONVERSION = YES;
				CLANG_WARN_OBJC_IMPLICIT_RETAIN_SELF = YES;
				CLANG_WARN_OBJC_LITERAL_CONVERSION = YES;
				CLANG_WARN_OBJC_ROOT_CLASS = YES_ERROR;
				CLANG_WARN_RANGE_LOOP_ANALYSIS = YES;
				CLANG_WARN_STRICT_PROTOTYPES = YES;
				CLANG_WARN_SUSPICIOUS_MOVE = YES;
				CLANG_WARN_UNGUARDED_AVAILABILITY = YES_AGGRESSIVE;
				CLANG_WARN_UNREACHABLE_CODE = YES;
				CLANG_WARN__DUPLICATE_METHOD_MATCH = YES;
				COPY_PHASE_STRIP = NO;
				DEBUG_INFORMATION_FORMAT = "dwarf-with-dsym";
				ENABLE_NS_ASSERTIONS = NO;
				ENABLE_STRICT_OBJC_MSGSEND = YES;
				GCC_C_LANGUAGE_STANDARD = gnu11;
				GCC_NO_COMMON_BLOCKS = YES;
				GCC_WARN_64_TO_32_BIT_CONVERSION = YES;
				GCC_WARN_ABOUT_RETURN_TYPE = YES_ERROR;
				GCC_WARN_UNDECLARED_SELECTOR = YES;
				GCC_WARN_UNINITIALIZED_AUTOS = YES_AGGRESSIVE;
				GCC_WARN_UNUSED_FUNCTION = YES;
				GCC_WARN_UNUSED_VARIABLE = YES;
				IPHONEOS_DEPLOYMENT_TARGET = 13.0;
				MTL_ENABLE_DEBUG_INFO = NO;
				MTL_FAST_MATH = YES;
				SDKROOT = iphoneos;
				SWIFT_COMPILATION_MODE = wholemodule;
				SWIFT_OPTIMIZATION_LEVEL = "-O";
				VALIDATE_PRODUCT = YES;
			};
			name = Release;
		};
		5171A9232337E1B2007010CE /* Debug */ = {
			isa = XCBuildConfiguration;
			buildSettings = {
				ASSETCATALOG_COMPILER_APPICON_NAME = AppIcon;
				CODE_SIGN_ENTITLEMENTS = DadJokes/DadJokes.entitlements;
				CODE_SIGN_STYLE = Automatic;
				DERIVE_MACCATALYST_PRODUCT_BUNDLE_IDENTIFIER = YES;
				DEVELOPMENT_ASSET_PATHS = "\"DadJokes/Preview Content\"";
				DEVELOPMENT_TEAM = B5C26XE59E;
				ENABLE_PREVIEWS = YES;
				INFOPLIST_FILE = DadJokes/Info.plist;
				LD_RUNPATH_SEARCH_PATHS = (
					"$(inherited)",
					"@executable_path/Frameworks",
				);
				PRODUCT_BUNDLE_IDENTIFIER = com.hackingwithswift.DadJokes;
				PRODUCT_NAME = "$(TARGET_NAME)";
				SUPPORTS_MACCATALYST = YES;
				SWIFT_VERSION = 5.0;
				TARGETED_DEVICE_FAMILY = "1,2";
			};
			name = Debug;
		};
		5171A9242337E1B2007010CE /* Release */ = {
			isa = XCBuildConfiguration;
			buildSettings = {
				ASSETCATALOG_COMPILER_APPICON_NAME = AppIcon;
				CODE_SIGN_ENTITLEMENTS = DadJokes/DadJokes.entitlements;
				CODE_SIGN_STYLE = Automatic;
				DERIVE_MACCATALYST_PRODUCT_BUNDLE_IDENTIFIER = YES;
				DEVELOPMENT_ASSET_PATHS = "\"DadJokes/Preview Content\"";
				DEVELOPMENT_TEAM = B5C26XE59E;
				ENABLE_PREVIEWS = YES;
				INFOPLIST_FILE = DadJokes/Info.plist;
				LD_RUNPATH_SEARCH_PATHS = (
					"$(inherited)",
					"@executable_path/Frameworks",
				);
				PRODUCT_BUNDLE_IDENTIFIER = com.hackingwithswift.DadJokes;
				PRODUCT_NAME = "$(TARGET_NAME)";
				SUPPORTS_MACCATALYST = YES;
				SWIFT_VERSION = 5.0;
				TARGETED_DEVICE_FAMILY = "1,2";
			};
			name = Release;
		};
/* End XCBuildConfiguration section */

/* Begin XCConfigurationList section */
		5171A9062337E1AF007010CE /* Build configuration list for PBXProject "DadJokes" */ = {
			isa = XCConfigurationList;
			buildConfigurations = (
				5171A9202337E1B2007010CE /* Debug */,
				5171A9212337E1B2007010CE /* Release */,
			);
			defaultConfigurationIsVisible = 0;
			defaultConfigurationName = Release;
		};
		5171A9222337E1B2007010CE /* Build configuration list for PBXNativeTarget "DadJokes" */ = {
			isa = XCConfigurationList;
			buildConfigurations = (
				5171A9232337E1B2007010CE /* Debug */,
				5171A9242337E1B2007010CE /* Release */,
			);
			defaultConfigurationIsVisible = 0;
			defaultConfigurationName = Release;
		};
/* End XCConfigurationList section */

/* Begin XCVersionGroup section */
		5171A9122337E1AF007010CE /* DadJokes.xcdatamodeld */ = {
			isa = XCVersionGroup;
			children = (
				5171A9132337E1AF007010CE /* DadJokes.xcdatamodel */,
			);
			currentVersion = 5171A9132337E1AF007010CE /* DadJokes.xcdatamodel */;
			path = DadJokes.xcdatamodeld;
			sourceTree = "<group>";
			versionGroupType = wrapper.xcdatamodel;
		};
/* End XCVersionGroup section */
	};
	rootObject = 5171A9032337E1AF007010CE /* Project object */;
}
