// !$*UTF8*$!
{
	archiveVersion = 1;
	classes = {
	};
	objectVersion = 50;
	objects = {

/* Begin PBXBuildFile section */
		511D5DED24250683006C61D2 /* AppDelegate.swift in Sources */ = {isa = PBXBuildFile; fileRef = 511D5DEC24250683006C61D2 /* AppDelegate.swift */; };
		511D5DEF24250684006C61D2 /* ContentView.swift in Sources */ = {isa = PBXBuildFile; fileRef = 511D5DEE24250683006C61D2 /* ContentView.swift */; };
		511D5DF124250684006C61D2 /* Assets.xcassets in Resources */ = {isa = PBXBuildFile; fileRef = 511D5DF024250684006C61D2 /* Assets.xcassets */; };
		511D5DF424250684006C61D2 /* Preview Assets.xcassets in Resources */ = {isa = PBXBuildFile; fileRef = 511D5DF324250684006C61D2 /* Preview Assets.xcassets */; };
		511D5DF724250684006C61D2 /* Main.storyboard in Resources */ = {isa = PBXBuildFile; fileRef = 511D5DF524250684006C61D2 /* Main.storyboard */; };
		511D5E0024250C47006C61D2 /* TypingWindow.swift in Sources */ = {isa = PBXBuildFile; fileRef = 511D5DFF24250C47006C61D2 /* TypingWindow.swift */; };
/* End PBXBuildFile section */

/* Begin PBXFileReference section */
		511D5DE924250683006C61D2 /* SpeedMath.app */ = {isa = PBXFileReference; explicitFileType = wrapper.application; includeInIndex = 0; path = SpeedMath.app; sourceTree = BUILT_PRODUCTS_DIR; };
		511D5DEC24250683006C61D2 /* AppDelegate.swift */ = {isa = PBXFileReference; lastKnownFileType = sourcecode.swift; path = AppDelegate.swift; sourceTree = "<group>"; };
		511D5DEE24250683006C61D2 /* ContentView.swift */ = {isa = PBXFileReference; lastKnownFileType = sourcecode.swift; path = ContentView.swift; sourceTree = "<group>"; };
		511D5DF024250684006C61D2 /* Assets.xcassets */ = {isa = PBXFileReference; lastKnownFileType = folder.assetcatalog; path = Assets.xcassets; sourceTree = "<group>"; };
		511D5DF324250684006C61D2 /* Preview Assets.xcassets */ = {isa = PBXFileReference; lastKnownFileType = folder.assetcatalog; path = "Preview Assets.xcassets"; sourceTree = "<group>"; };
		511D5DF624250684006C61D2 /* Base */ = {isa = PBXFileReference; lastKnownFileType = file.storyboard; name = Base; path = Base.lproj/Main.storyboard; sourceTree = "<group>"; };
		511D5DF824250684006C61D2 /* Info.plist */ = {isa = PBXFileReference; lastKnownFileType = text.plist.xml; path = Info.plist; sourceTree = "<group>"; };
		511D5DF924250684006C61D2 /* SpeedMath.entitlements */ = {isa = PBXFileReference; lastKnownFileType = text.plist.entitlements; path = SpeedMath.entitlements; sourceTree = "<group>"; };
		511D5DFF24250C47006C61D2 /* TypingWindow.swift */ = {isa = PBXFileReference; lastKnownFileType = sourcecode.swift; path = TypingWindow.swift; sourceTree = "<group>"; };
/* End PBXFileReference section */

/* Begin PBXFrameworksBuildPhase section */
		511D5DE624250683006C61D2 /* Frameworks */ = {
			isa = PBXFrameworksBuildPhase;
			buildActionMask = 2147483647;
			files = (
			);
			runOnlyForDeploymentPostprocessing = 0;
		};
/* End PBXFrameworksBuildPhase section */

/* Begin PBXGroup section */
		511D5DE024250683006C61D2 = {
			isa = PBXGroup;
			children = (
				511D5DEB24250683006C61D2 /* SpeedMath */,
				511D5DEA24250683006C61D2 /* Products */,
			);
			sourceTree = "<group>";
		};
		511D5DEA24250683006C61D2 /* Products */ = {
			isa = PBXGroup;
			children = (
				511D5DE924250683006C61D2 /* SpeedMath.app */,
			);
			name = Products;
			sourceTree = "<group>";
		};
		511D5DEB24250683006C61D2 /* SpeedMath */ = {
			isa = PBXGroup;
			children = (
				511D5DFF24250C47006C61D2 /* TypingWindow.swift */,
				511D5DEC24250683006C61D2 /* AppDelegate.swift */,
				511D5DEE24250683006C61D2 /* ContentView.swift */,
				511D5DF024250684006C61D2 /* Assets.xcassets */,
				511D5DF524250684006C61D2 /* Main.storyboard */,
				511D5DF824250684006C61D2 /* Info.plist */,
				511D5DF924250684006C61D2 /* SpeedMath.entitlements */,
				511D5DF224250684006C61D2 /* Preview Content */,
			);
			path = SpeedMath;
			sourceTree = "<group>";
		};
		511D5DF224250684006C61D2 /* Preview Content */ = {
			isa = PBXGroup;
			children = (
				511D5DF324250684006C61D2 /* Preview Assets.xcassets */,
			);
			path = "Preview Content";
			sourceTree = "<group>";
		};
/* End PBXGroup section */

/* Begin PBXNativeTarget section */
		511D5DE824250683006C61D2 /* SpeedMath */ = {
			isa = PBXNativeTarget;
			buildConfigurationList = 511D5DFC24250684006C61D2 /* Build configuration list for PBXNativeTarget "SpeedMath" */;
			buildPhases = (
				511D5DE524250683006C61D2 /* Sources */,
				511D5DE624250683006C61D2 /* Frameworks */,
				511D5DE724250683006C61D2 /* Resources */,
			);
			buildRules = (
			);
			dependencies = (
			);
			name = SpeedMath;
			productName = SpeedMath;
			productReference = 511D5DE924250683006C61D2 /* SpeedMath.app */;
			productType = "com.apple.product-type.application";
		};
/* End PBXNativeTarget section */

/* Begin PBXProject section */
		511D5DE124250683006C61D2 /* Project object */ = {
			isa = PBXProject;
			attributes = {
				LastSwiftUpdateCheck = 1130;
				LastUpgradeCheck = 1130;
				ORGANIZATIONNAME = "Paul Hudson";
				TargetAttributes = {
					511D5DE824250683006C61D2 = {
						CreatedOnToolsVersion = 11.3.1;
					};
				};
			};
			buildConfigurationList = 511D5DE424250683006C61D2 /* Build configuration list for PBXProject "SpeedMath" */;
			compatibilityVersion = "Xcode 9.3";
			developmentRegion = en;
			hasScannedForEncodings = 0;
			knownRegions = (
				en,
				Base,
			);
			mainGroup = 511D5DE024250683006C61D2;
			productRefGroup = 511D5DEA24250683006C61D2 /* Products */;
			projectDirPath = "";
			projectRoot = "";
			targets = (
				511D5DE824250683006C61D2 /* SpeedMath */,
			);
		};
/* End PBXProject section */

/* Begin PBXResourcesBuildPhase section */
		511D5DE724250683006C61D2 /* Resources */ = {
			isa = PBXResourcesBuildPhase;
			buildActionMask = 2147483647;
			files = (
				511D5DF724250684006C61D2 /* Main.storyboard in Resources */,
				511D5DF424250684006C61D2 /* Preview Assets.xcassets in Resources */,
				511D5DF124250684006C61D2 /* Assets.xcassets in Resources */,
			);
			runOnlyForDeploymentPostprocessing = 0;
		};
/* End PBXResourcesBuildPhase section */

/* Begin PBXSourcesBuildPhase section */
		511D5DE524250683006C61D2 /* Sources */ = {
			isa = PBXSourcesBuildPhase;
			buildActionMask = 2147483647;
			files = (
				511D5E0024250C47006C61D2 /* TypingWindow.swift in Sources */,
				511D5DEF24250684006C61D2 /* ContentView.swift in Sources */,
				511D5DED24250683006C61D2 /* AppDelegate.swift in Sources */,
			);
			runOnlyForDeploymentPostprocessing = 0;
		};
/* End PBXSourcesBuildPhase section */

/* Begin PBXVariantGroup section */
		511D5DF524250684006C61D2 /* Main.storyboard */ = {
			isa = PBXVariantGroup;
			children = (
				511D5DF624250684006C61D2 /* Base */,
			);
			name = Main.storyboard;
			sourceTree = "<group>";
		};
/* End PBXVariantGroup section */

/* Begin XCBuildConfiguration section */
		511D5DFA24250684006C61D2 /* Debug */ = {
			isa = XCBuildConfiguration;
			buildSettings = {
				ALWAYS_SEARCH_USER_PATHS = NO;
				CLANG_ANALYZER_NONNULL = YES;
				CLANG_ANALYZER_NUMBER_OBJECT_CONVERSION = YES_AGGRESSIVE;
				CLANG_CXX_LANGUAGE_STANDARD = "gnu++14";
				CLANG_CXX_LIBRARY = "libc++";
				CLANG_ENABLE_MODULES = YES;
				CLANG_ENABLE_OBJC_ARC = YES;
				CLANG_ENABLE_OBJC_WEAK = YES;
				CLANG_WARN_BLOCK_CAPTURE_AUTORELEASING = YES;
				CLANG_WARN_BOOL_CONVERSION = YES;
				CLANG_WARN_COMMA = YES;
				CLANG_WARN_CONSTANT_CONVERSION = YES;
				CLANG_WARN_DEPRECATED_OBJC_IMPLEMENTATIONS = YES;
				CLANG_WARN_DIRECT_OBJC_ISA_USAGE = YES_ERROR;
				CLANG_WARN_DOCUMENTATION_COMMENTS = YES;
				CLANG_WARN_EMPTY_BODY = YES;
				CLANG_WARN_ENUM_CONVERSION = YES;
				CLANG_WARN_INFINITE_RECURSION = YES;
				CLANG_WARN_INT_CONVERSION = YES;
				CLANG_WARN_NON_LITERAL_NULL_CONVERSION = YES;
				CLANG_WARN_OBJC_IMPLICIT_RETAIN_SELF = YES;
				CLANG_WARN_OBJC_LITERAL_CONVERSION = YES;
				CLANG_WARN_OBJC_ROOT_CLASS = YES_ERROR;
				CLANG_WARN_RANGE_LOOP_ANALYSIS = YES;
				CLANG_WARN_STRICT_PROTOTYPES = YES;
				CLANG_WARN_SUSPICIOUS_MOVE = YES;
				CLANG_WARN_UNGUARDED_AVAILABILITY = YES_AGGRESSIVE;
				CLANG_WARN_UNREACHABLE_CODE = YES;
				CLANG_WARN__DUPLICATE_METHOD_MATCH = YES;
				COPY_PHASE_STRIP = NO;
				DEBUG_INFORMATION_FORMAT = dwarf;
				ENABLE_STRICT_OBJC_MSGSEND = YES;
				ENABLE_TESTABILITY = YES;
				GCC_C_LANGUAGE_STANDARD = gnu11;
				GCC_DYNAMIC_NO_PIC = NO;
				GCC_NO_COMMON_BLOCKS = YES;
				GCC_OPTIMIZATION_LEVEL = 0;
				GCC_PREPROCESSOR_DEFINITIONS = (
					"DEBUG=1",
					"$(inherited)",
				);
				GCC_WARN_64_TO_32_BIT_CONVERSION = YES;
				GCC_WARN_ABOUT_RETURN_TYPE = YES_ERROR;
				GCC_WARN_UNDECLARED_SELECTOR = YES;
				GCC_WARN_UNINITIALIZED_AUTOS = YES_AGGRESSIVE;
				GCC_WARN_UNUSED_FUNCTION = YES;
				GCC_WARN_UNUSED_VARIABLE = YES;
				MACOSX_DEPLOYMENT_TARGET = 10.15;
				MTL_ENABLE_DEBUG_INFO = INCLUDE_SOURCE;
				MTL_FAST_MATH = YES;
				ONLY_ACTIVE_ARCH = YES;
				SDKROOT = macosx;
				SWIFT_ACTIVE_COMPILATION_CONDITIONS = DEBUG;
				SWIFT_OPTIMIZATION_LEVEL = "-Onone";
			};
			name = Debug;
		};
		511D5DFB24250684006C61D2 /* Release */ = {
			isa = XCBuildConfiguration;
			buildSettings = {
				ALWAYS_SEARCH_USER_PATHS = NO;
				CLANG_ANALYZER_NONNULL = YES;
				CLANG_ANALYZER_NUMBER_OBJECT_CONVERSION = YES_AGGRESSIVE;
				CLANG_CXX_LANGUAGE_STANDARD = "gnu++14";
				CLANG_CXX_LIBRARY = "libc++";
				CLANG_ENABLE_MODULES = YES;
				CLANG_ENABLE_OBJC_ARC = YES;
				CLANG_ENABLE_OBJC_WEAK = YES;
				CLANG_WARN_BLOCK_CAPTURE_AUTORELEASING = YES;
				CLANG_WARN_BOOL_CONVERSION = YES;
				CLANG_WARN_COMMA = YES;
				CLANG_WARN_CONSTANT_CONVERSION = YES;
				CLANG_WARN_DEPRECATED_OBJC_IMPLEMENTATIONS = YES;
				CLANG_WARN_DIRECT_OBJC_ISA_USAGE = YES_ERROR;
				CLANG_WARN_DOCUMENTATION_COMMENTS = YES;
				CLANG_WARN_EMPTY_BODY = YES;
				CLANG_WARN_ENUM_CONVERSION = YES;
				CLANG_WARN_INFINITE_RECURSION = YES;
				CLANG_WARN_INT_CONVERSION = YES;
				CLANG_WARN_NON_LITERAL_NULL_CONVERSION = YES;
				CLANG_WARN_OBJC_IMPLICIT_RETAIN_SELF = YES;
				CLANG_WARN_OBJC_LITERAL_CONVERSION = YES;
				CLANG_WARN_OBJC_ROOT_CLASS = YES_ERROR;
				CLANG_WARN_RANGE_LOOP_ANALYSIS = YES;
				CLANG_WARN_STRICT_PROTOTYPES = YES;
				CLANG_WARN_SUSPICIOUS_MOVE = YES;
				CLANG_WARN_UNGUARDED_AVAILABILITY = YES_AGGRESSIVE;
				CLANG_WARN_UNREACHABLE_CODE = YES;
				CLANG_WARN__DUPLICATE_METHOD_MATCH = YES;
				COPY_PHASE_STRIP = NO;
				DEBUG_INFORMATION_FORMAT = "dwarf-with-dsym";
				ENABLE_NS_ASSERTIONS = NO;
				ENABLE_STRICT_OBJC_MSGSEND = YES;
				GCC_C_LANGUAGE_STANDARD = gnu11;
				GCC_NO_COMMON_BLOCKS = YES;
				GCC_WARN_64_TO_32_BIT_CONVERSION = YES;
				GCC_WARN_ABOUT_RETURN_TYPE = YES_ERROR;
				GCC_WARN_UNDECLARED_SELECTOR = YES;
				GCC_WARN_UNINITIALIZED_AUTOS = YES_AGGRESSIVE;
				GCC_WARN_UNUSED_FUNCTION = YES;
				GCC_WARN_UNUSED_VARIABLE = YES;
				MACOSX_DEPLOYMENT_TARGET = 10.15;
				MTL_ENABLE_DEBUG_INFO = NO;
				MTL_FAST_MATH = YES;
				SDKROOT = macosx;
				SWIFT_COMPILATION_MODE = wholemodule;
				SWIFT_OPTIMIZATION_LEVEL = "-O";
			};
			name = Release;
		};
		511D5DFD24250684006C61D2 /* Debug */ = {
			isa = XCBuildConfiguration;
			buildSettings = {
				ASSETCATALOG_COMPILER_APPICON_NAME = AppIcon;
				CODE_SIGN_ENTITLEMENTS = SpeedMath/SpeedMath.entitlements;
				CODE_SIGN_STYLE = Automatic;
				COMBINE_HIDPI_IMAGES = YES;
				DEVELOPMENT_ASSET_PATHS = "\"SpeedMath/Preview Content\"";
				DEVELOPMENT_TEAM = B5C26XE59E;
				ENABLE_HARDENED_RUNTIME = YES;
				ENABLE_PREVIEWS = YES;
				INFOPLIST_FILE = SpeedMath/Info.plist;
				LD_RUNPATH_SEARCH_PATHS = (
					"$(inherited)",
					"@executable_path/../Frameworks",
				);
				MACOSX_DEPLOYMENT_TARGET = 10.15;
				PRODUCT_BUNDLE_IDENTIFIER = com.hackingwithswift.SpeedMath;
				PRODUCT_NAME = "$(TARGET_NAME)";
				SWIFT_VERSION = 5.0;
			};
			name = Debug;
		};
		511D5DFE24250684006C61D2 /* Release */ = {
			isa = XCBuildConfiguration;
			buildSettings = {
				ASSETCATALOG_COMPILER_APPICON_NAME = AppIcon;
				CODE_SIGN_ENTITLEMENTS = SpeedMath/SpeedMath.entitlements;
				CODE_SIGN_STYLE = Automatic;
				COMBINE_HIDPI_IMAGES = YES;
				DEVELOPMENT_ASSET_PATHS = "\"SpeedMath/Preview Content\"";
				DEVELOPMENT_TEAM = B5C26XE59E;
				ENABLE_HARDENED_RUNTIME = YES;
				ENABLE_PREVIEWS = YES;
				INFOPLIST_FILE = SpeedMath/Info.plist;
				LD_RUNPATH_SEARCH_PATHS = (
					"$(inherited)",
					"@executable_path/../Frameworks",
				);
				MACOSX_DEPLOYMENT_TARGET = 10.15;
				PRODUCT_BUNDLE_IDENTIFIER = com.hackingwithswift.SpeedMath;
				PRODUCT_NAME = "$(TARGET_NAME)";
				SWIFT_VERSION = 5.0;
			};
			name = Release;
		};
/* End XCBuildConfiguration section */

/* Begin XCConfigurationList section */
		511D5DE424250683006C61D2 /* Build configuration list for PBXProject "SpeedMath" */ = {
			isa = XCConfigurationList;
			buildConfigurations = (
				511D5DFA24250684006C61D2 /* Debug */,
				511D5DFB24250684006C61D2 /* Release */,
			);
			defaultConfigurationIsVisible = 0;
			defaultConfigurationName = Release;
		};
		511D5DFC24250684006C61D2 /* Build configuration list for PBXNativeTarget "SpeedMath" */ = {
			isa = XCConfigurationList;
			buildConfigurations = (
				511D5DFD24250684006C61D2 /* Debug */,
				511D5DFE24250684006C61D2 /* Release */,
			);
			defaultConfigurationIsVisible = 0;
			defaultConfigurationName = Release;
		};
/* End XCConfigurationList section */
	};
	rootObject = 511D5DE124250683006C61D2 /* Project object */;
}
